# This file is automatically @generated by Cargo.
# It is not intended for manual editing.
version = 4

[[package]]
name = "ahash"
version = "0.8.12"
source = "registry+https://github.com/rust-lang/crates.io-index"
checksum = "5a15f179cd60c4584b8a8c596927aadc462e27f2ca70c04e0071964a73ba7a75"
dependencies = [
 "cfg-if",
 "getrandom 0.3.4",
 "once_cell",
 "version_check",
 "zerocopy",
]

[[package]]
name = "aho-corasick"
version = "1.1.5"
source = "registry+https://github.com/rust-lang/crates.io-index"
checksum = "c982642fa9e8606056828ee9a8505737230110bb1099153c79efe865c59d12ba"
dependencies = [
 "memchr",
]

[[package]]
name = "alloca"
version = "0.4.0"
source = "registry+https://github.com/rust-lang/crates.io-index"
checksum = "e5a7d05ea6aea7e9e64d25b9156ba2fee3fdd659e34e41063cd2fc7cd020d7f4"
dependencies = [
 "cc",
]

[[package]]
name = "allocator-api2"
version = "0.2.21"
source = "registry+https://github.com/rust-lang/crates.io-index"
checksum = "683d7910e743518b0e34f1186f92494becacb047c7b6bf616c96772180fef923"

[[package]]
name = "ambient-authority"
version = "0.0.2"
source = "registry+https://github.com/rust-lang/crates.io-index"
checksum = "e9d4ee0d472d1cd2e28c97dfa124b3d8d992e10eb0a035f33f5d12e3a177ba3b"

[[package]]
name = "anes"
version = "0.1.6"
source = "registry+https://github.com/rust-lang/crates.io-index"
checksum = "4b46cbb362ab8752921c97e041f5e366ee6297bd428a31275b9fcf1e380f7299"

[[package]]
name = "anstream"
version = "1.0.0"
source = "registry+https://github.com/rust-lang/crates.io-index"
checksum = "824a212faf96e9acacdbd09febd34438f8f711fb84e09a8916013cd7815ca28d"
dependencies = [
 "anstyle",
 "anstyle-parse",
 "anstyle-query",
 "anstyle-wincon",
 "colorchoice",
 "is_terminal_polyfill",
 "utf8parse",
]

[[package]]
name = "anstyle"
version = "1.0.14"
source = "registry+https://github.com/rust-lang/crates.io-index"
checksum = "940b3a0ca603d1eade50a4846a2afffd5ef57a9feac2c0e2ec2e14f9ead76000"

[[package]]
name = "anstyle-parse"
version = "1.0.0"
source = "registry+https://github.com/rust-lang/crates.io-index"
checksum = "52ce7f38b242319f7cabaa6813055467063ecdc9d355bbb4ce0c68908cd8130e"
dependencies = [
 "utf8parse",
]

[[package]]
name = "anstyle-query"
version = "1.1.5"
source = "registry+https://github.com/rust-lang/crates.io-index"
checksum = "40c48f72fd53cd289104fc64099abca73db4166ad86ea0b4341abe65af83dadc"
dependencies = [
 "windows-sys 0.61.2",
]

[[package]]
name = "anstyle-wincon"
version = "3.0.11"
source = "registry+https://github.com/rust-lang/crates.io-index"
checksum = "291e6a250ff86cd4a820112fb8898808a366d8f9f58ce16d1f538353ad55747d"
dependencies = [
 "anstyle",
 "once_cell_polyfill",
 "windows-sys 0.61.2",
]

[[package]]
name = "anyhow"
version = "1.0.104"
source = "registry+https://github.com/rust-lang/crates.io-index"
checksum = "330a5ed07fa54e4702c9d6c4174f74427fc0ef6e214bbd677ae50a5099946470"

[[package]]
name = "arc-swap"
version = "1.9.2"
source = "registry+https://github.com/rust-lang/crates.io-index"
checksum = "c049c0be4daef0b145cb3555416b3b8ef5b7888a38aea1a3a155801fe7b0810b"
dependencies = [
 "rustversion",
]

[[package]]
name = "arrayvec"
version = "0.7.8"
source = "registry+https://github.com/rust-lang/crates.io-index"
checksum = "d3fb67a6e08acf24fdeccbac2cb6ac4305825bd1f117462e0e6f2f193345ad56"

[[package]]
name = "atomic-waker"
version = "1.1.2"
source = "registry+https://github.com/rust-lang/crates.io-index"
checksum = "1505bd5d3d116872e7271a6d4e16d81d0c8570876c8de68093a09ac269d8aac0"

[[package]]
name = "autocfg"
version = "1.5.1"
source = "registry+https://github.com/rust-lang/crates.io-index"
checksum = "f2032f911046de80f0a198e0901378627c33f59ea0ac00e363d481118bd70a53"

[[package]]
name = "base58ck"
version = "0.1.101"
source = "registry+https://github.com/rust-lang/crates.io-index"
checksum = "365c0acd5b2e8dd0111a46c4faea83fb3cfb6e39a49a7c73a06e090db7b2eff0"
dependencies = [
 "bitcoin_hashes",
]

[[package]]
name = "base64"
version = "0.21.7"
source = "registry+https://github.com/rust-lang/crates.io-index"
checksum = "9d297deb1925b89f2ccc13d7635fa0714f12c87adce1c75356b39ca9b7178567"

[[package]]
name = "base64"
version = "0.22.1"
source = "registry+https://github.com/rust-lang/crates.io-index"
checksum = "72b3254f16251a8381aa12e40e3c4d2f0199f8c6508fbecb9d91f575e0fbb8c6"

[[package]]
name = "bech32"
version = "0.11.1"
source = "registry+https://github.com/rust-lang/crates.io-index"
checksum = "32637268377fc7b10a8c6d51de3e7fba1ce5dd371a96e342b34e6078db558e7f"

[[package]]
name = "bindgen"
version = "0.72.1"
source = "registry+https://github.com/rust-lang/crates.io-index"
checksum = "993776b509cfb49c750f11b8f07a46fa23e0a1386ffc01fb1e7d343efc387895"
dependencies = [
 "bitflags 2.13.1",
 "cexpr",
 "clang-sys",
 "itertools",
 "proc-macro2",
 "quote",
 "regex",
 "rustc-hash",
 "shlex 1.3.0",
 "syn 2.0.119",
]

[[package]]
name = "bitcoin"
version = "0.32.102"
source = "registry+https://github.com/rust-lang/crates.io-index"
checksum = "bb0ce8bd5baaa0d303a19915a6d93afed161f528654e42da2a7a97d05c59499a"
dependencies = [
 "base58ck",
 "base64 0.21.7",
 "bech32",
 "bitcoin-io",
 "bitcoin-units",
 "bitcoin_hashes",
 "hex-conservative 0.2.3",
 "hex_lit",
 "secp256k1",
 "serde",
]

[[package]]
name = "bitcoin-consensus-encoding"
version = "1.2.0"
source = "registry+https://github.com/rust-lang/crates.io-index"
checksum = "6712f9c6fd6785b3b270884e57c441c403dc5d7e19ca45368c97c7a1de3000ec"
dependencies = [
 "bitcoin-internals",
 "hex-conservative 1.2.0",
 "serde",
]

[[package]]
name = "bitcoin-internals"
version = "0.6.0"
source = "registry+https://github.com/rust-lang/crates.io-index"
checksum = "d573f4cf32996a8dce612e4348cece65a241f1882ed594047c9ba348e8869fa5"

[[package]]
name = "bitcoin-io"
version = "0.1.101"
source = "registry+https://github.com/rust-lang/crates.io-index"
checksum = "bb5de036369d1ac59d3c1819ebc4d850f89466f5401c571a285b6ed564a4cb78"
dependencies = [
 "bitcoin-consensus-encoding",
]

[[package]]
name = "bitcoin-rs"
version = "0.5.0"
dependencies = [
 "anyhow",
 "bitcoin",
 "bitcoin-rs-node",
 "bitcoin-rs-storage",
 "clap",
 "mimalloc",
 "parking_lot",
 "serde",
 "serde_json",
 "tempfile",
 "toml 1.1.5+spec-1.1.0",
]

[[package]]
name = "bitcoin-rs-chain"
version = "0.5.0"
dependencies = [
 "arc-swap",
 "bitcoin",
 "bitcoin-rs-consensus",
 "bitcoin-rs-primitives",
 "bitcoin-rs-storage",
 "bytemuck",
 "hashbrown 0.17.1",
 "parking_lot",
 "proptest",
 "ruint",
 "slab",
 "tempfile",
 "thiserror",
 "tracing",
 "zerocopy",
]

[[package]]
name = "bitcoin-rs-consensus"
version = "0.5.0"
dependencies = [
 "anyhow",
 "bitcoin",
 "bitcoin-rs-primitives",
 "bitcoin-rs-script",
 "bitcoinkernel",
 "criterion",
 "hashbrown 0.17.1",
 "rayon",
 "secp256k1",
 "serde",
 "serde_json",
 "sha2 0.11.0",
 "sonic-rs",
 "thiserror",
 "tracing",
]

[[package]]
name = "bitcoin-rs-index"
version = "0.5.0"
dependencies = [
 "bitcoin",
 "bitcoin-rs-primitives",
 "bitcoin-rs-storage",
 "bitcoin_slices",
 "bytemuck",
 "criterion",
 "hashbrown 0.17.1",
 "parking_lot",
 "proptest",
 "serde",
 "serde_json",
 "sha2 0.11.0",
 "tempfile",
 "thiserror",
 "tracing",
 "zerocopy",
]

[[package]]
name = "bitcoin-rs-mempool"
version = "0.5.0"
dependencies = [
 "arc-swap",
 "bitcoin-rs-consensus",
 "bitcoin-rs-primitives",
 "bitcoin-rs-script",
 "bytemuck",
 "criterion",
 "hashbrown 0.17.1",
 "metrics",
 "parking_lot",
 "sha2 0.11.0",
 "slab",
 "smallvec",
 "thiserror",
 "tracing",
]

[[package]]
name = "bitcoin-rs-mining"
version = "0.5.0"
dependencies = [
 "bitcoin",
 "bitcoin-rs-chain",
 "bitcoin-rs-consensus",
 "bitcoin-rs-mempool",
 "bitcoin-rs-primitives",
 "bitcoin-rs-script",
 "compact_str",
 "criterion",
 "hashbrown 0.17.1",
 "proptest",
 "thiserror",
]

[[package]]
name = "bitcoin-rs-node"
version = "0.5.0"
dependencies = [
 "anyhow",
 "arc-swap",
 "bitcoin",
 "bitcoin-rs-chain",
 "bitcoin-rs-consensus",
 "bitcoin-rs-index",
 "bitcoin-rs-mempool",
 "bitcoin-rs-mining",
 "bitcoin-rs-p2p",
 "bitcoin-rs-primitives",
 "bitcoin-rs-rpc",
 "bitcoin-rs-script",
 "bitcoin-rs-storage",
 "bitcoin-rs-utxo",
 "bytes",
 "cap-fs-ext",
 "cap-std",
 "compact_str",
 "criterion",
 "crossbeam-channel",
 "crossbeam-utils",
 "hashbrown 0.17.1",
 "metrics",
 "metrics-exporter-prometheus",
 "parking_lot",
 "proptest",
 "quanta",
 "rayon",
 "rustix",
 "serde",
 "serde_json",
 "sha2 0.11.0",
 "signal-hook",
 "smallvec",
 "sonic-rs",
 "tempfile",
 "thiserror",
 "toml 1.1.5+spec-1.1.0",
 "tracing",
 "tracing-subscriber",
 "zmq",
]

[[package]]
name = "bitcoin-rs-p2p"
version = "0.4.0"
dependencies = [
 "arc-swap",
 "bitcoin",
 "bitcoin-rs-chain",
 "bitcoin-rs-primitives",
 "bitcoin-rs-storage",
 "bytemuck",
 "bytes",
 "criterion",
 "crossbeam-channel",
 "hashbrown 0.17.1",
 "metrics",
 "parking_lot",
 "proptest",
 "serde_json",
 "sha2 0.11.0",
 "smallvec",
 "tempfile",
 "thiserror",
 "tinyvec",
 "tracing",
 "zerocopy",
]

[[package]]
name = "bitcoin-rs-primitives"
version = "0.5.0"
dependencies = [
 "bitcoin",
 "bytemuck",
 "proptest",
 "ruint",
 "serde_json",
 "sha2 0.11.0",
 "thiserror",
 "tinyvec",
 "zerocopy",
]

[[package]]
name = "bitcoin-rs-rpc"
version = "0.5.0"
dependencies = [
 "arc-swap",
 "bitcoin",
 "bitcoin-rs-chain",
 "bitcoin-rs-consensus",
 "bitcoin-rs-index",
 "bitcoin-rs-mempool",
 "bitcoin-rs-mining",
 "bitcoin-rs-node",
 "bitcoin-rs-p2p",
 "bitcoin-rs-primitives",
 "bitcoin-rs-utxo",
 "compact_str",
 "corepc-types",
 "crossbeam-channel",
 "hashbrown 0.17.1",
 "miniscript",
 "parking_lot",
 "proptest",
 "rustix",
 "serde",
 "serde_json",
 "sha2 0.11.0",
 "sonic-rs",
 "tempfile",
 "thiserror",
 "toml 1.1.5+spec-1.1.0",
 "tracing",
]

[[package]]
name = "bitcoin-rs-script"
version = "0.5.0"
dependencies = [
 "bitcoin",
 "bitcoin-rs-consensus",
 "bitcoin-rs-primitives",
 "bitcoin_hashes",
 "bytemuck",
 "parking_lot",
 "proptest",
 "rayon",
 "secp256k1",
 "serde",
 "serde_json",
 "sha2 0.11.0",
 "smallvec",
 "thiserror",
 "tinyvec",
]

[[package]]
name = "bitcoin-rs-storage"
version = "0.4.0"
dependencies = [
 "bitcoin-rs-primitives",
 "bytemuck",
 "bytes",
 "crossbeam-channel",
 "fjall",
 "hashbrown 0.17.1",
 "metrics",
 "parking_lot",
 "redb",
 "rust-rocksdb",
 "rustix",
 "serde",
 "sha2 0.11.0",
 "signet-libmdbx",
 "tempfile",
 "thiserror",
 "tracing",
]

[[package]]
name = "bitcoin-rs-utxo"
version = "0.5.0"
dependencies = [
 "bitcoin",
 "bitcoin-rs-primitives",
 "bitcoin-rs-storage",
 "bytemuck",
 "criterion",
 "crossbeam-utils",
 "hashbrown 0.17.1",
 "lz4_flex",
 "metrics",
 "mimalloc",
 "nohash-hasher",
 "parking_lot",
 "proptest",
 "proptest-derive",
 "rayon",
 "ruint",
 "sha2 0.11.0",
 "smallvec",
 "tempfile",
 "thiserror",
 "tinyvec",
 "tracing",
 "zerocopy",
]

[[package]]
name = "bitcoin-units"
version = "0.1.101"
source = "registry+https://github.com/rust-lang/crates.io-index"
checksum = "9cb95693f371d089a4b5b6fc41c6f3ea6e01ee8c15388335dfac8ea685173b51"
dependencies = [
 "bitcoin-consensus-encoding",
 "serde",
]

[[package]]
name = "bitcoin_hashes"
version = "0.14.101"
source = "registry+https://github.com/rust-lang/crates.io-index"
checksum = "bca4c7abb40c8817d77403c880988cfd484f23ab2365726afb2f798363e2c4a2"
dependencies = [
 "bitcoin-io",
 "hex-conservative 0.2.3",
 "serde",
]

[[package]]
name = "bitcoin_slices"
version = "0.11.0"
source = "registry+https://github.com/rust-lang/crates.io-index"
checksum = "82b80fcc031ed36f91c31639a4d97acb1487985fdee34565651b2f52f4346859"
dependencies = [
 "bitcoin",
 "bitcoin_hashes",
 "sha2 0.10.9",
]

[[package]]
name = "bitcoinkernel"
version = "0.2.1"
source = "registry+https://github.com/rust-lang/crates.io-index"
checksum = "2af4fd16f643d5bc585073c8513a9fde0a72278a38d0957b78cfd8f2c21bbb36"
dependencies = [
 "libbitcoinkernel-sys",
]

[[package]]
name = "bitflags"
version = "1.3.2"
source = "registry+https://github.com/rust-lang/crates.io-index"
checksum = "bef38d45163c2f1dde094a7dfd33ccf595c92905c8f8f4fdc18d06fb1037718a"

[[package]]
name = "bitflags"
version = "2.13.1"
source = "registry+https://github.com/rust-lang/crates.io-index"
checksum = "b588b76d00fde79687d7646a9b5bdf3cc0f655e0bbd080335a95d7e96f3587da"

[[package]]
name = "block-buffer"
version = "0.10.4"
source = "registry+https://github.com/rust-lang/crates.io-index"
checksum = "3078c7629b62d3f0439517fa394996acacc5cbc91c5a20d8c658e77abd503a71"
dependencies = [
 "generic-array",
]

[[package]]
name = "block-buffer"
version = "0.12.1"
source = "registry+https://github.com/rust-lang/crates.io-index"
checksum = "d2f6c7dbe95a6ed67ad9f18e57daf93a2f034c524b99fd2b76d18fdfeb6660aa"
dependencies = [
 "hybrid-array",
]

[[package]]
name = "bumpalo"
version = "3.20.3"
source = "registry+https://github.com/rust-lang/crates.io-index"
checksum = "72f5acc6cb2ba439de613abc23857ec3d78374d8ed5ac84e9d11336e87da8649"

[[package]]
name = "bytemuck"
version = "1.25.2"
source = "registry+https://github.com/rust-lang/crates.io-index"
checksum = "95832e849adfb21180ccb6826a99da14e5d266ae5c2e668e1602cf234f153797"
dependencies = [
 "bytemuck_derive",
]

[[package]]
name = "bytemuck_derive"
version = "1.12.0"
source = "registry+https://github.com/rust-lang/crates.io-index"
checksum = "fc0e56a716f1e132ff6bf4bdac1c944a3fcdc1cae65f70a4a2a1ac3b401d2d1f"
dependencies = [
 "proc-macro2",
 "quote",
 "syn 3.0.4",
]

[[package]]
name = "byteorder"
version = "1.5.0"
source = "registry+https://github.com/rust-lang/crates.io-index"
checksum = "1fd0f2584146f6f2ef48085050886acf353beff7305ebd1ae69500e27c67f64b"

[[package]]
name = "byteorder-lite"
version = "0.1.0"
source = "registry+https://github.com/rust-lang/crates.io-index"
checksum = "8f1fe948ff07f4bd06c30984e69f5b4899c516a3ef74f34df92a2df2ab535495"

[[package]]
name = "bytes"
version = "1.12.1"
source = "registry+https://github.com/rust-lang/crates.io-index"
checksum = "fc652a48c352aef3ea3aed32080501cf3ef6ed5da78602a020c991775b0aff04"

[[package]]
name = "byteview"
version = "0.10.2"
source = "registry+https://github.com/rust-lang/crates.io-index"
checksum = "0d74937895e761d5984206f82ca8ff7725d0fd8021921011921894b41ab1b9f7"

[[package]]
name = "bzip2-sys"
version = "0.1.13+1.0.8"
source = "registry+https://github.com/rust-lang/crates.io-index"
checksum = "225bff33b2141874fe80d71e07d6eec4f85c5c216453dd96388240f96e1acc14"
dependencies = [
 "cc",
 "pkg-config",
]

[[package]]
name = "cap-fs-ext"
version = "4.0.2"
source = "registry+https://github.com/rust-lang/crates.io-index"
checksum = "d78e5a3368ae89b7cb68186411452b4b9fac8b41be9c19bf3f47c2d2c8e36e6b"
dependencies = [
 "cap-primitives",
 "cap-std",
 "io-lifetimes 3.0.1",
 "windows-sys 0.61.2",
]

[[package]]
name = "cap-primitives"
version = "4.0.3"
source = "registry+https://github.com/rust-lang/crates.io-index"
checksum = "8b5f74729fd2f44701d1a8eb47e906cdb3ccd9ec0f02baad85a744b791940b18"
dependencies = [
 "ambient-authority",
 "fs-set-times",
 "io-extras",
 "io-lifetimes 3.0.1",
 "ipnet",
 "maybe-owned",
 "rustix",
 "rustix-linux-procfs",
 "windows-sys 0.61.2",
 "winx",
]

[[package]]
name = "cap-std"
version = "4.0.2"
source = "registry+https://github.com/rust-lang/crates.io-index"
checksum = "7281235d6e96d3544ca18bba9049be92f4190f8d923e3caef1b5f66cfa752608"
dependencies = [
 "cap-primitives",
 "io-extras",
 "io-lifetimes 3.0.1",
 "rustix",
]

[[package]]
name = "cast"
version = "0.3.0"
source = "registry+https://github.com/rust-lang/crates.io-index"
checksum = "37b2a672a2cb129a2e41c10b1224bb368f9f37a2b16b612598138befd7b37eb5"

[[package]]
name = "castaway"
version = "0.2.4"
source = "registry+https://github.com/rust-lang/crates.io-index"
checksum = "dec551ab6e7578819132c713a93c022a05d60159dc86e7a7050223577484c55a"
dependencies = [
 "rustversion",
]

[[package]]
name = "cc"
version = "1.4.4"
source = "registry+https://github.com/rust-lang/crates.io-index"
checksum = "0ad534f4357a5264cce5019c989cf66a4f0dc4e0d1b1d15f8aacec0ff7360273"
dependencies = [
 "find-msvc-tools",
 "jobserver",
 "libc",
 "shlex 2.0.1",
]

[[package]]
name = "cexpr"
version = "0.6.0"
source = "registry+https://github.com/rust-lang/crates.io-index"
checksum = "6fac387a98bb7c37292057cffc56d62ecb629900026402633ae9160df93a8766"
dependencies = [
 "nom",
]

[[package]]
name = "cfg-expr"
version = "0.15.8"
source = "registry+https://github.com/rust-lang/crates.io-index"
checksum = "d067ad48b8650848b989a59a86c6c36a995d02d2bf778d45c3c5d57bc2718f02"
dependencies = [
 "smallvec",
 "target-lexicon",
]

[[package]]
name = "cfg-if"
version = "1.0.4"
source = "registry+https://github.com/rust-lang/crates.io-index"
checksum = "9330f8b2ff13f34540b44e946ef35111825727b38d33286ef986142615121801"

[[package]]
name = "ciborium"
version = "0.2.2"
source = "registry+https://github.com/rust-lang/crates.io-index"
checksum = "42e69ffd6f0917f5c029256a24d0161db17cea3997d185db0d35926308770f0e"
dependencies = [
 "ciborium-io",
 "ciborium-ll",
 "serde",
]

[[package]]
name = "ciborium-io"
version = "0.2.2"
source = "registry+https://github.com/rust-lang/crates.io-index"
checksum = "05afea1e0a06c9be33d539b876f1ce3692f4afea2cb41f740e7743225ed1c757"

[[package]]
name = "ciborium-ll"
version = "0.2.2"
source = "registry+https://github.com/rust-lang/crates.io-index"
checksum = "57663b653d948a338bfb3eeba9bb2fd5fcfaecb9e199e87e1eda4d9e8b240fd9"
dependencies = [
 "ciborium-io",
 "half",
]

[[package]]
name = "clang-sys"
version = "1.9.1"
source = "registry+https://github.com/rust-lang/crates.io-index"
checksum = "157a8ba7b480713b56f4c09fd13fc3e0a22a5dfab8097ba61cbc5feef950788a"
dependencies = [
 "glob",
 "libc",
 "libloading",
]

[[package]]
name = "clap"
version = "4.6.6"
source = "registry+https://github.com/rust-lang/crates.io-index"
checksum = "473c7e07f409a8d772161724aa8db6a765a2532a70f9667eeb7b49d3d02fbdca"
dependencies = [
 "clap_builder",
 "clap_derive",
]

[[package]]
name = "clap_builder"
version = "4.6.6"
source = "registry+https://github.com/rust-lang/crates.io-index"
checksum = "7b48fea5a88e9ae728a2dcbedbfc0e730f7d60da42e1cb049a83c9fb8b789889"
dependencies = [
 "anstream",
 "anstyle",
 "clap_lex",
 "strsim",
 "terminal_size",
]

[[package]]
name = "clap_derive"
version = "4.6.4"
source = "registry+https://github.com/rust-lang/crates.io-index"
checksum = "d012d2b9d65aca7f18f4d9878a045bc17899bba951561ba5ec3c2ba1eed9a061"
dependencies = [
 "heck",
 "proc-macro2",
 "quote",
 "syn 3.0.4",
]

[[package]]
name = "clap_lex"
version = "1.1.0"
source = "registry+https://github.com/rust-lang/crates.io-index"
checksum = "c8d4a3bb8b1e0c1050499d1815f5ab16d04f0959b233085fb31653fbfc9d98f9"

[[package]]
name = "colorchoice"
version = "1.0.5"
source = "registry+https://github.com/rust-lang/crates.io-index"
checksum = "1d07550c9036bf2ae0c684c4297d503f838287c83c53686d05370d0e139ae570"

[[package]]
name = "compact_str"
version = "0.10.0"
source = "registry+https://github.com/rust-lang/crates.io-index"
checksum = "79fcda08c33bb58b97008b2cdada6622500e949e060f5913361763121abd2416"
dependencies = [
 "castaway",
 "cfg-if",
 "itoa",
 "static_assertions",
 "zmij",
]

[[package]]
name = "compare"
version = "0.0.6"
source = "registry+https://github.com/rust-lang/crates.io-index"
checksum = "ea0095f6103c2a8b44acd6fd15960c801dafebf02e21940360833e0673f48ba7"

[[package]]
name = "corepc-types"
version = "0.15.0"
source = "registry+https://github.com/rust-lang/crates.io-index"
checksum = "86c274042a89391a324ab313b5210680969d02a9fa977733c3354aea4d7a4883"
dependencies = [
 "bitcoin",
 "serde",
 "serde_json",
]

[[package]]
name = "cpufeatures"
version = "0.2.17"
source = "registry+https://github.com/rust-lang/crates.io-index"
checksum = "59ed5838eebb26a2bb2e58f6d5b5316989ae9d08bab10e0e6d103e656d1b0280"
dependencies = [
 "libc",
]

[[package]]
name = "cpufeatures"
version = "0.3.1"
source = "registry+https://github.com/rust-lang/crates.io-index"
checksum = "5ca28b0ae3115b884660db4118d803791fd6756b6e88f39c0f3f7859060d7566"
dependencies = [
 "libc",
]

[[package]]
name = "criterion"
version = "0.8.2"
source = "registry+https://github.com/rust-lang/crates.io-index"
checksum = "950046b2aa2492f9a536f5f4f9a3de7b9e2476e575e05bd6c333371add4d98f3"
dependencies = [
 "alloca",
 "anes",
 "cast",
 "ciborium",
 "clap",
 "criterion-plot",
 "itertools",
 "num-traits",
 "oorandom",
 "page_size",
 "plotters",
 "rayon",
 "regex",
 "serde",
 "serde_json",
 "tinytemplate",
 "walkdir",
]

[[package]]
name = "criterion-plot"
version = "0.8.2"
source = "registry+https://github.com/rust-lang/crates.io-index"
checksum = "d8d80a2f4f5b554395e47b5d8305bc3d27813bacb73493eb1001e8f76dae29ea"
dependencies = [
 "cast",
 "itertools",
]

[[package]]
name = "crossbeam"
version = "0.8.4"
source = "registry+https://github.com/rust-lang/crates.io-index"
checksum = "1137cd7e7fc0fb5d3c5a8678be38ec56e819125d8d7907411fe24ccb943faca8"
dependencies = [
 "crossbeam-channel",
 "crossbeam-deque",
 "crossbeam-epoch",
 "crossbeam-queue",
 "crossbeam-utils",
]

[[package]]
name = "crossbeam-channel"
version = "0.5.16"
source = "registry+https://github.com/rust-lang/crates.io-index"
checksum = "d85363c37faeca707aef026efa9f3b34d077bce547e48f770770625c6013679e"
dependencies = [
 "crossbeam-utils",
]

[[package]]
name = "crossbeam-deque"
version = "0.8.7"
source = "registry+https://github.com/rust-lang/crates.io-index"
checksum = "5181e0de7b61eb03a81e347d6dd8797bae9da5146707b51077e2d71a54ec0ceb"
dependencies = [
 "crossbeam-epoch",
 "crossbeam-utils",
]

[[package]]
name = "crossbeam-epoch"
version = "0.9.20"
source = "registry+https://github.com/rust-lang/crates.io-index"
checksum = "2d6914041f254d6e9176c01941b21115dcfb7089e55135a35411081bd106ef3f"
dependencies = [
 "crossbeam-utils",
]

[[package]]
name = "crossbeam-queue"
version = "0.3.13"
source = "registry+https://github.com/rust-lang/crates.io-index"
checksum = "803d13fb3b09d88be9f4dbc29062c66b19bf7170867ceb746d2a8689bf6c7a26"
dependencies = [
 "crossbeam-utils",
]

[[package]]
name = "crossbeam-skiplist"
version = "0.1.3"
source = "registry+https://github.com/rust-lang/crates.io-index"
checksum = "df29de440c58ca2cc6e587ec3d22347551a32435fbde9d2bff64e78a9ffa151b"
dependencies = [
 "crossbeam-epoch",
 "crossbeam-utils",
]

[[package]]
name = "crossbeam-utils"
version = "0.8.22"
source = "registry+https://github.com/rust-lang/crates.io-index"
checksum = "61803da095bee82a81bb1a452ecc25d3b2f1416d1897eb86430c6159ef717c17"

[[package]]
name = "crunchy"
version = "0.2.4"
source = "registry+https://github.com/rust-lang/crates.io-index"
checksum = "460fbee9c2c2f33933d720630a6a0bac33ba7053db5344fac858d4b8952d77d5"

[[package]]
name = "crypto-common"
version = "0.1.7"
source = "registry+https://github.com/rust-lang/crates.io-index"
checksum = "78c8292055d1c1df0cce5d180393dc8cce0abec0a7102adb6c7b1eef6016d60a"
dependencies = [
 "generic-array",
 "typenum",
]

[[package]]
name = "crypto-common"
version = "0.2.2"
source = "registry+https://github.com/rust-lang/crates.io-index"
checksum = "ce6e4c961d6cd6c9a86db418387425e8bdeaf05b3c8bc1411e6dca4c252f1453"
dependencies = [
 "hybrid-array",
]

[[package]]
name = "dashmap"
version = "6.2.1"
source = "registry+https://github.com/rust-lang/crates.io-index"
checksum = "e6361d5c062261c78a176addb82d4c821ae42bed6089de0e12603cd25de2059c"
dependencies = [
 "cfg-if",
 "crossbeam-utils",
 "hashbrown 0.14.5",
 "lock_api",
 "once_cell",
 "parking_lot_core",
]

[[package]]
name = "digest"
version = "0.10.7"
source = "registry+https://github.com/rust-lang/crates.io-index"
checksum = "9ed9a281f7bc9b7576e61468ba615a66a5c8cfdff42420a70aa82701a3b1e292"
dependencies = [
 "block-buffer 0.10.4",
 "crypto-common 0.1.7",
]

[[package]]
name = "digest"
version = "0.11.3"
source = "registry+https://github.com/rust-lang/crates.io-index"
checksum = "f1dd6dbb5841937940781866fa1281a1ff7bd3bf827091440879f9994983d5c2"
dependencies = [
 "block-buffer 0.12.1",
 "crypto-common 0.2.2",
]

[[package]]
name = "dircpy"
version = "0.3.20"
source = "registry+https://github.com/rust-lang/crates.io-index"
checksum = "ebcbec2b9a580ddee352ac38523d2ecd4dcaad53532957034394556909e27f4b"
dependencies = [
 "jwalk",
 "log",
 "walkdir",
]

[[package]]
name = "either"
version = "1.18.0"
source = "registry+https://github.com/rust-lang/crates.io-index"
checksum = "252afb9ae5eaa683babdc6a068b3f5726eb19e05070c731f9b2a23a7c3e8ed34"

[[package]]
name = "enum_dispatch"
version = "0.3.13"
source = "registry+https://github.com/rust-lang/crates.io-index"
checksum = "aa18ce2bc66555b3218614519ac839ddb759a7d6720732f979ef8d13be147ecd"
dependencies = [
 "once_cell",
 "proc-macro2",
 "quote",
 "syn 2.0.119",
]

[[package]]
name = "equivalent"
version = "1.0.2"
source = "registry+https://github.com/rust-lang/crates.io-index"
checksum = "877a4ace8713b0bcf2a4e7eec82529c029f1d0619886d18145fea96c3ffe5c0f"

[[package]]
name = "errno"
version = "0.3.14"
source = "registry+https://github.com/rust-lang/crates.io-index"
checksum = "39cab71617ae0d63f51a36d69f866391735b51691dbda63cf6f96d042b63efeb"
dependencies = [
 "libc",
 "windows-sys 0.61.2",
]

[[package]]
name = "evmap"
version = "11.0.0"
source = "registry+https://github.com/rust-lang/crates.io-index"
checksum = "1b8874945f036109c72242964c1174cf99434e30cfa45bf45fedc983f50046f8"
dependencies = [
 "hashbag",
 "left-right",
 "smallvec",
]

[[package]]
name = "fastrand"
version = "2.5.0"
source = "registry+https://github.com/rust-lang/crates.io-index"
checksum = "da7c62ceae207dd37ea5b845da6a0696c799f85e97da1ab5b7910be3c1c80223"

[[package]]
name = "faststr"
version = "0.2.34"
source = "registry+https://github.com/rust-lang/crates.io-index"
checksum = "1ca7d44d22004409a61c393afb3369c8f7bb74abcae49fe249ee01dcc3002113"
dependencies = [
 "bytes",
 "rkyv",
 "serde",
 "simdutf8",
]

[[package]]
name = "find-msvc-tools"
version = "0.1.11"
source = "registry+https://github.com/rust-lang/crates.io-index"
checksum = "d45db016d36b838f563236e9193d0ee6ce38f3f68b6c94e914b4929c96bbb890"

[[package]]
name = "fjall"
version = "3.1.10"
source = "registry+https://github.com/rust-lang/crates.io-index"
checksum = "cd201c93927cdf4712e8f7d4c9c8d34d68c7534380c05d4a58864a309f91c33f"
dependencies = [
 "byteorder-lite",
 "byteview",
 "dashmap",
 "flume",
 "log",
 "lsm-tree",
 "lz4_flex",
 "tempfile",
 "xxhash-rust",
]

[[package]]
name = "flume"
version = "0.12.0"
source = "registry+https://github.com/rust-lang/crates.io-index"
checksum = "5e139bc46ca777eb5efaf62df0ab8cc5fd400866427e56c68b22e414e53bd3be"
dependencies = [
 "spin",
]

[[package]]
name = "fnv"
version = "1.0.7"
source = "registry+https://github.com/rust-lang/crates.io-index"
checksum = "3f9eec918d3f24069decb9af1554cad7c880e2da24a9afd88aca000531ab82c1"

[[package]]
name = "foldhash"
version = "0.2.0"
source = "registry+https://github.com/rust-lang/crates.io-index"
checksum = "77ce24cb58228fbb8aa041425bb1050850ac19177686ea6e0f41a70416f56fdb"

[[package]]
name = "fs-set-times"
version = "0.20.3"
source = "registry+https://github.com/rust-lang/crates.io-index"
checksum = "94e7099f6313ecacbe1256e8ff9d617b75d1bcb16a6fddef94866d225a01a14a"
dependencies = [
 "io-lifetimes 2.0.4",
 "rustix",
 "windows-sys 0.59.0",
]

[[package]]
name = "futures-channel"
version = "0.3.34"
source = "registry+https://github.com/rust-lang/crates.io-index"
checksum = "b1f9e3d69d39e4862ffed03ed071a76f9a13ba1d9109d355b0f0aa6b15e393c4"
dependencies = [
 "futures-core",
]

[[package]]
name = "futures-core"
version = "0.3.34"
source = "registry+https://github.com/rust-lang/crates.io-index"
checksum = "92d699e522242e69e3003b94ecc1f960f3a5e015aa7c5d7486e65ad01dd94f5e"

[[package]]
name = "futures-sink"
version = "0.3.34"
source = "registry+https://github.com/rust-lang/crates.io-index"
checksum = "1944426bf7d03f1d14f708785e4b33efd750b36d48a157b836b3efc15ede8e1d"

[[package]]
name = "futures-task"
version = "0.3.34"
source = "registry+https://github.com/rust-lang/crates.io-index"
checksum = "cd417de3d1d015fc3bfd2b1ea46dfc7bab72ef86f1cc7cc9c78e728b34a6d1fd"

[[package]]
name = "futures-util"
version = "0.3.34"
source = "registry+https://github.com/rust-lang/crates.io-index"
checksum = "0d50a92467f8ba5dd6e3ee5d4bd04d73ab2e4e1c44474a0674821dfce14b79bc"
dependencies = [
 "futures-core",
 "futures-task",
 "pin-project-lite",
 "slab",
]

[[package]]
name = "generator"
version = "0.8.9"
source = "registry+https://github.com/rust-lang/crates.io-index"
checksum = "b3b854b0e584ead1a33f18b2fcad7cf7be18b3875c78816b753639aa501513ae"
dependencies = [
 "cc",
 "cfg-if",
 "libc",
 "log",
 "rustversion",
 "windows-link",
 "windows-result",
]

[[package]]
name = "generic-array"
version = "0.14.7"
source = "registry+https://github.com/rust-lang/crates.io-index"
checksum = "85649ca51fd72272d7821adaf274ad91c288277713d9c18820d8499a7ff69e9a"
dependencies = [
 "typenum",
 "version_check",
]

[[package]]
name = "getrandom"
version = "0.2.17"
source = "registry+https://github.com/rust-lang/crates.io-index"
checksum = "ff2abc00be7fca6ebc474524697ae276ad847ad0a6b3faa4bcb027e9a4614ad0"
dependencies = [
 "cfg-if",
 "libc",
 "wasi",
]

[[package]]
name = "getrandom"
version = "0.3.4"
source = "registry+https://github.com/rust-lang/crates.io-index"
checksum = "899def5c37c4fd7b2664648c28120ecec138e4d395b459e5ca34f9cce2dd77fd"
dependencies = [
 "cfg-if",
 "libc",
 "r-efi 5.3.0",
 "wasip2",
]

[[package]]
name = "getrandom"
version = "0.4.3"
source = "registry+https://github.com/rust-lang/crates.io-index"
checksum = "300e883d756b2e4ec94e02791f39b04b522276138852cfc41d9fb7e904106099"
dependencies = [
 "cfg-if",
 "libc",
 "r-efi 6.0.0",
]

[[package]]
name = "glob"
version = "0.3.4"
source = "registry+https://github.com/rust-lang/crates.io-index"
checksum = "e4eba85ea1d0a966a983acd07deee566e67395d2d96b6fb39e62b5a833f1eb0b"

[[package]]
name = "h2"
version = "0.4.19"
source = "registry+https://github.com/rust-lang/crates.io-index"
checksum = "ef8e5e5a340588f4452631496976cf8636d4a7ecf600239fdc27615d2530bc16"
dependencies = [
 "atomic-waker",
 "bytes",
 "fnv",
 "futures-core",
 "futures-sink",
 "http",
 "indexmap",
 "slab",
 "tokio",
 "tokio-util",
 "tracing",
]

[[package]]
name = "half"
version = "2.7.1"
source = "registry+https://github.com/rust-lang/crates.io-index"
checksum = "6ea2d84b969582b4b1864a92dc5d27cd2b77b622a8d79306834f1be5ba20d84b"
dependencies = [
 "cfg-if",
 "crunchy",
 "zerocopy",
]

[[package]]
name = "hashbag"
version = "0.1.13"
source = "registry+https://github.com/rust-lang/crates.io-index"
checksum = "7040a10f52cba493ddb09926e15d10a9d8a28043708a405931fe4c6f19fac064"

[[package]]
name = "hashbrown"
version = "0.14.5"
source = "registry+https://github.com/rust-lang/crates.io-index"
checksum = "e5274423e17b7c9fc20b6e7e208532f9b19825d82dfd615708b70edd83df41f1"

[[package]]
name = "hashbrown"
version = "0.16.1"
source = "registry+https://github.com/rust-lang/crates.io-index"
checksum = "841d1cc9bed7f9236f321df977030373f4a4163ae1a7dbfe1a51a2c1a51d9100"
dependencies = [
 "foldhash",
]

[[package]]
name = "hashbrown"
version = "0.17.1"
source = "registry+https://github.com/rust-lang/crates.io-index"
checksum = "ed5909b6e89a2db4456e54cd5f673791d7eca6732202bbf2a9cc504fe2f9b84a"
dependencies = [
 "allocator-api2",
 "foldhash",
]

[[package]]
name = "heck"
version = "0.5.0"
source = "registry+https://github.com/rust-lang/crates.io-index"
checksum = "2304e00983f87ffb38b55b444b5e3b60a884b5d30c0fca7d82fe33449bbe55ea"

[[package]]
name = "hex-conservative"
version = "0.2.3"
source = "registry+https://github.com/rust-lang/crates.io-index"
checksum = "db3fef046dca3ca91ee1408a8c1b80ab777e80a4d308d1bf4e7adb3fcb047e08"
dependencies = [
 "arrayvec",
]

[[package]]
name = "hex-conservative"
version = "1.2.0"
source = "registry+https://github.com/rust-lang/crates.io-index"
checksum = "35431185f361ccf3ffc58254628af5f1f5d5f28531da2e02e5d6c82bbc282a10"
dependencies = [
 "arrayvec",
]

[[package]]
name = "hex_lit"
version = "0.1.1"
source = "registry+https://github.com/rust-lang/crates.io-index"
checksum = "3011d1213f159867b13cfd6ac92d2cd5f1345762c63be3554e84092d85a50bbd"

[[package]]
name = "http"
version = "1.5.0"
source = "registry+https://github.com/rust-lang/crates.io-index"
checksum = "918d3568bebf352712bc2ef3d46a8bcf1a75b373be6539de198e9105cbbf9ce0"
dependencies = [
 "bytes",
 "itoa",
]

[[package]]
name = "http-body"
version = "1.1.0"
source = "registry+https://github.com/rust-lang/crates.io-index"
checksum = "ca2a8f2913ee65f60facd6a5905613afaa448497a0230cc41ce022d93290bc2c"
dependencies = [
 "bytes",
 "http",
]

[[package]]
name = "http-body-util"
version = "0.1.5"
source = "registry+https://github.com/rust-lang/crates.io-index"
checksum = "23169fe34a5fbcdd3f3862e78fb9b6fccd5f02a6dc6f732547005d45631ce71c"
dependencies = [
 "bytes",
 "futures-core",
 "http",
 "http-body",
 "pin-project-lite",
]

[[package]]
name = "httparse"
version = "1.10.1"
source = "registry+https://github.com/rust-lang/crates.io-index"
checksum = "6dbf3de79e51f3d586ab4cb9d5c3e2c14aa28ed23d180cf89b4df0454a69cc87"

[[package]]
name = "httpdate"
version = "1.0.3"
source = "registry+https://github.com/rust-lang/crates.io-index"
checksum = "df3b46402a9d5adb4c86a0cf463f42e19994e3ee891101b1841f30a545cb49a9"

[[package]]
name = "hybrid-array"
version = "0.4.14"
source = "registry+https://github.com/rust-lang/crates.io-index"
checksum = "707114b52a152fa7bdb290cd7cd5912d9467273b6d74e21b8d81aca1f8533f6b"
dependencies = [
 "typenum",
]

[[package]]
name = "hyper"
version = "1.11.1"
source = "registry+https://github.com/rust-lang/crates.io-index"
checksum = "27b501faa50e7a26c3d3560ca625132f4078a17771f4810baf70475ae48cbe43"
dependencies = [
 "atomic-waker",
 "bytes",
 "futures-channel",
 "futures-core",
 "h2",
 "http",
 "http-body",
 "httparse",
 "httpdate",
 "itoa",